
Microsoft Visual Studio Solution File, Format Version 12.00
# Visual Studio 2017
Project("{FAE04EC0-301F-11D3-BF4B-00C04F79EFBC}") = "PackBird.Plugins", "PackBird.Plugins.csproj", "{C682BA4F-B020-16F2-DAE6-EF2B1B6872F2}"
EndProject
Project("{FAE04EC0-301F-11D3-BF4B-00C04F79EFBC}") = "PackBird", "PackBird.csproj", "{328C97A7-0E1C-E333-2133-C114A1564A8A}"
EndProject
Project("{FAE04EC0-301F-11D3-BF4B-00C04F79EFBC}") = "PackBird.Editor", "PackBird.Editor.csproj", "{C793CF8C-5478-CEAA-0F76-DEE938B41BC2}"
EndProject
Global
	GlobalSection(SolutionConfigurationPlatforms) = preSolution
		Debug|Any CPU = Debug|Any CPU
		Release|Any CPU = Release|Any CPU
	EndGlobalSection
	GlobalSection(ProjectConfigurationPlatforms) = postSolution
		{C682BA4F-B020-16F2-DAE6-EF2B1B6872F2}.Debug|Any CPU.ActiveCfg = Debug|Any CPU
		{C682BA4F-B020-16F2-DAE6-EF2B1B6872F2}.Debug|Any CPU.Build.0 = Debug|Any CPU
		{C682BA4F-B020-16F2-DAE6-EF2B1B6872F2}.Release|Any CPU.ActiveCfg = Release|Any CPU
		{C682BA4F-B020-16F2-DAE6-EF2B1B6872F2}.Release|Any CPU.Build.0 = Release|Any CPU
		{328C97A7-0E1C-E333-2133-C114A1564A8A}.Debug|Any CPU.ActiveCfg = Debug|Any CPU
		{328C97A7-0E1C-E333-2133-C114A1564A8A}.Debug|Any CPU.Build.0 = Debug|Any CPU
		{328C97A7-0E1C-E333-2133-C114A1564A8A}.Release|Any CPU.ActiveCfg = Release|Any CPU
		{328C97A7-0E1C-E333-2133-C114A1564A8A}.Release|Any CPU.Build.0 = Release|Any CPU
		{C793CF8C-5478-CEAA-0F76-DEE938B41BC2}.Debug|Any CPU.ActiveCfg = Debug|Any CPU
		{C793CF8C-5478-CEAA-0F76-DEE938B41BC2}.Debug|Any CPU.Build.0 = Debug|Any CPU
		{C793CF8C-5478-CEAA-0F76-DEE938B41BC2}.Release|Any CPU.ActiveCfg = Release|Any CPU
		{C793CF8C-5478-CEAA-0F76-DEE938B41BC2}.Release|Any CPU.Build.0 = Release|Any CPU
	EndGlobalSection
	GlobalSection(SolutionProperties) = preSolution
		HideSolutionNode = FALSE
	EndGlobalSection
EndGlobal
